// !$*UTF8*$!
{
	archiveVersion = 1;
	classes = {
	};
	objectVersion = 55;
	objects = {

/* Begin PBXBuildFile section */
		5F7218C927F153080000EACE /* AppDelegate.m in Sources */ = {isa = PBXBuildFile; fileRef = 5F7218C827F153080000EACE /* AppDelegate.m */; };
		5F7218CF27F153080000EACE /* ViewController.m in Sources */ = {isa = PBXBuildFile; fileRef = 5F7218CE27F153080000EACE /* ViewController.m */; };
		5F7218D227F153080000EACE /* Main.storyboard in Resources */ = {isa = PBXBuildFile; fileRef = 5F7218D027F153080000EACE /* Main.storyboard */; };
		5F7218D427F1530A0000EACE /* Assets.xcassets in Resources */ = {isa = PBXBuildFile; fileRef = 5F7218D327F1530A0000EACE /* Assets.xcassets */; };
		5F7218D727F1530A0000EACE /* LaunchScreen.storyboard in Resources */ = {isa = PBXBuildFile; fileRef = 5F7218D527F1530A0000EACE /* LaunchScreen.storyboard */; };
		5F7218DA27F1530A0000EACE /* main.m in Sources */ = {isa = PBXBuildFile; fileRef = 5F7218D927F1530A0000EACE /* main.m */; };
		5F7218E127F156670000EACE /* podfile in Resources */ = {isa = PBXBuildFile; fileRef = 5F7218E027F156670000EACE /* podfile */; };
		5F7218EA27F1AE820000EACE /* OfficialViewController.m in Sources */ = {isa = PBXBuildFile; fileRef = 5F7218E927F1AE820000EACE /* OfficialViewController.m */; };
		5F7218F327F1AF230000EACE /* UserLikeViewController.m in Sources */ = {isa = PBXBuildFile; fileRef = 5F7218F227F1AF230000EACE /* UserLikeViewController.m */; };
		5F7218F927F1AF9A0000EACE /* MyViewController.m in Sources */ = {isa = PBXBuildFile; fileRef = 5F7218F827F1AF9A0000EACE /* MyViewController.m */; };
		5F7218FC27F1B4B90000EACE /* Place.m in Sources */ = {isa = PBXBuildFile; fileRef = 5F7218FB27F1B4B90000EACE /* Place.m */; };
		5F7218FF27F1BBD90000EACE /* Comment.m in Sources */ = {isa = PBXBuildFile; fileRef = 5F7218FE27F1BBD90000EACE /* Comment.m */; };
		705763BE5DC981B664F832D9 /* libPods-WhereToRide.a in Frameworks */ = {isa = PBXBuildFile; fileRef = CE3DC6998D43E83594C47523 /* libPods-WhereToRide.a */; };
/* End PBXBuildFile section */

/* Begin PBXFileReference section */
		5BE2FAB27FE271F913498016 /* Pods-WhereToRide.debug.xcconfig */ = {isa = PBXFileReference; includeInIndex = 1; lastKnownFileType = text.xcconfig; name = "Pods-WhereToRide.debug.xcconfig"; path = "Target Support Files/Pods-WhereToRide/Pods-WhereToRide.debug.xcconfig"; sourceTree = "<group>"; };
		5F7218C427F153080000EACE /* WhereToRide.app */ = {isa = PBXFileReference; explicitFileType = wrapper.application; includeInIndex = 0; path = WhereToRide.app; sourceTree = BUILT_PRODUCTS_DIR; };
		5F7218C727F153080000EACE /* AppDelegate.h */ = {isa = PBXFileReference; lastKnownFileType = sourcecode.c.h; path = AppDelegate.h; sourceTree = "<group>"; };
		5F7218C827F153080000EACE /* AppDelegate.m */ = {isa = PBXFileReference; lastKnownFileType = sourcecode.c.objc; path = AppDelegate.m; sourceTree = "<group>"; };
		5F7218CD27F153080000EACE /* ViewController.h */ = {isa = PBXFileReference; lastKnownFileType = sourcecode.c.h; path = ViewController.h; sourceTree = "<group>"; };
		5F7218CE27F153080000EACE /* ViewController.m */ = {isa = PBXFileReference; lastKnownFileType = sourcecode.c.objc; path = ViewController.m; sourceTree = "<group>"; };
		5F7218D127F153080000EACE /* Base */ = {isa = PBXFileReference; lastKnownFileType = file.storyboard; name = Base; path = Base.lproj/Main.storyboard; sourceTree = "<group>"; };
		5F7218D327F1530A0000EACE /* Assets.xcassets */ = {isa = PBXFileReference; lastKnownFileType = folder.assetcatalog; path = Assets.xcassets; sourceTree = "<group>"; };
		5F7218D627F1530A0000EACE /* Base */ = {isa = PBXFileReference; lastKnownFileType = file.storyboard; name = Base; path = Base.lproj/LaunchScreen.storyboard; sourceTree = "<group>"; };
		5F7218D827F1530A0000EACE /* Info.plist */ = {isa = PBXFileReference; lastKnownFileType = text.plist.xml; path = Info.plist; sourceTree = "<group>"; };
		5F7218D927F1530A0000EACE /* main.m */ = {isa = PBXFileReference; lastKnownFileType = sourcecode.c.objc; path = main.m; sourceTree = "<group>"; };
		5F7218E027F156670000EACE /* podfile */ = {isa = PBXFileReference; fileEncoding = 4; lastKnownFileType = text; path = podfile; sourceTree = SOURCE_ROOT; };
		5F7218E827F1AE820000EACE /* OfficialViewController.h */ = {isa = PBXFileReference; lastKnownFileType = sourcecode.c.h; path = OfficialViewController.h; sourceTree = "<group>"; };
		5F7218E927F1AE820000EACE /* OfficialViewController.m */ = {isa = PBXFileReference; lastKnownFileType = sourcecode.c.objc; path = OfficialViewController.m; sourceTree = "<group>"; };
		5F7218F127F1AF230000EACE /* UserLikeViewController.h */ = {isa = PBXFileReference; lastKnownFileType = sourcecode.c.h; path = UserLikeViewController.h; sourceTree = "<group>"; };
		5F7218F227F1AF230000EACE /* UserLikeViewController.m */ = {isa = PBXFileReference; lastKnownFileType = sourcecode.c.objc; path = UserLikeViewController.m; sourceTree = "<group>"; };
		5F7218F727F1AF9A0000EACE /* MyViewController.h */ = {isa = PBXFileReference; lastKnownFileType = sourcecode.c.h; path = MyViewController.h; sourceTree = "<group>"; };
		5F7218F827F1AF9A0000EACE /* MyViewController.m */ = {isa = PBXFileReference; lastKnownFileType = sourcecode.c.objc; path = MyViewController.m; sourceTree = "<group>"; };
		5F7218FA27F1B4B90000EACE /* Place.h */ = {isa = PBXFileReference; lastKnownFileType = sourcecode.c.h; path = Place.h; sourceTree = "<group>"; };
		5F7218FB27F1B4B90000EACE /* Place.m */ = {isa = PBXFileReference; lastKnownFileType = sourcecode.c.objc; path = Place.m; sourceTree = "<group>"; };
		5F7218FD27F1BBD90000EACE /* Comment.h */ = {isa = PBXFileReference; lastKnownFileType = sourcecode.c.h; path = Comment.h; sourceTree = "<group>"; };
		5F7218FE27F1BBD90000EACE /* Comment.m */ = {isa = PBXFileReference; lastKnownFileType = sourcecode.c.objc; path = Comment.m; sourceTree = "<group>"; };
		684264E39B36296853C3B517 /* Pods-WhereToRide.release.xcconfig */ = {isa = PBXFileReference; includeInIndex = 1; lastKnownFileType = text.xcconfig; name = "Pods-WhereToRide.release.xcconfig"; path = "Target Support Files/Pods-WhereToRide/Pods-WhereToRide.release.xcconfig"; sourceTree = "<group>"; };
		CE3DC6998D43E83594C47523 /* libPods-WhereToRide.a */ = {isa = PBXFileReference; explicitFileType = archive.ar; includeInIndex = 0; path = "libPods-WhereToRide.a"; sourceTree = BUILT_PRODUCTS_DIR; };
/* End PBXFileReference section */

/* Begin PBXFrameworksBuildPhase section */
		5F7218C127F153080000EACE /* Frameworks */ = {
			isa = PBXFrameworksBuildPhase;
			buildActionMask = 2147483647;
			files = (
				705763BE5DC981B664F832D9 /* libPods-WhereToRide.a in Frameworks */,
			);
			runOnlyForDeploymentPostprocessing = 0;
		};
/* End PBXFrameworksBuildPhase section */

/* Begin PBXGroup section */
		5F7218BB27F153080000EACE = {
			isa = PBXGroup;
			children = (
				5F7218C627F153080000EACE /* WhereToRide */,
				5F7218C527F153080000EACE /* Products */,
				E9E2743751DEEB2C284B451E /* Pods */,
				890F2B157FD46C6D5F157221 /* Frameworks */,
			);
			sourceTree = "<group>";
		};
		5F7218C527F153080000EACE /* Products */ = {
			isa = PBXGroup;
			children = (
				5F7218C427F153080000EACE /* WhereToRide.app */,
			);
			name = Products;
			sourceTree = "<group>";
		};
		5F7218C627F153080000EACE /* WhereToRide */ = {
			isa = PBXGroup;
			children = (
				5F7218E627F1ADDE0000EACE /* OfficialPage */,
				5F7218E527F1ADD20000EACE /* UserLikePage */,
				5F7218E727F1ADFC0000EACE /* MyPage */,
				5F7218E027F156670000EACE /* podfile */,
				5F7218C727F153080000EACE /* AppDelegate.h */,
				5F7218C827F153080000EACE /* AppDelegate.m */,
				5F7218CD27F153080000EACE /* ViewController.h */,
				5F7218CE27F153080000EACE /* ViewController.m */,
				5F7218D027F153080000EACE /* Main.storyboard */,
				5F7218D327F1530A0000EACE /* Assets.xcassets */,
				5F7218D527F1530A0000EACE /* LaunchScreen.storyboard */,
				5F7218D827F1530A0000EACE /* Info.plist */,
				5F7218D927F1530A0000EACE /* main.m */,
			);
			path = WhereToRide;
			sourceTree = "<group>";
		};
		5F7218E527F1ADD20000EACE /* UserLikePage */ = {
			isa = PBXGroup;
			children = (
				5F7218F027F1AF0A0000EACE /* Model */,
				5F7218EF27F1AF030000EACE /* Views */,
				5F7218EE27F1AEFA0000EACE /* Controller */,
			);
			path = UserLikePage;
			sourceTree = "<group>";
		};
		5F7218E627F1ADDE0000EACE /* OfficialPage */ = {
			isa = PBXGroup;
			children = (
				5F7218ED27F1AEA10000EACE /* Model */,
				5F7218EC27F1AE990000EACE /* Views */,
				5F7218EB27F1AE890000EACE /* Controller */,
			);
			path = OfficialPage;
			sourceTree = "<group>";
		};
		5F7218E727F1ADFC0000EACE /* MyPage */ = {
			isa = PBXGroup;
			children = (
				5F7218F627F1AF850000EACE /* Model */,
				5F7218F527F1AF7D0000EACE /* Views */,
				5F7218F427F1AF740000EACE /* Controller */,
			);
			path = MyPage;
			sourceTree = "<group>";
		};
		5F7218EB27F1AE890000EACE /* Controller */ = {
			isa = PBXGroup;
			children = (
				5F7218E827F1AE820000EACE /* OfficialViewController.h */,
				5F7218E927F1AE820000EACE /* OfficialViewController.m */,
			);
			path = Controller;
			sourceTree = "<group>";
		};
		5F7218EC27F1AE990000EACE /* Views */ = {
			isa = PBXGroup;
			children = (
			);
			path = Views;
			sourceTree = "<group>";
		};
		5F7218ED27F1AEA10000EACE /* Model */ = {
			isa = PBXGroup;
			children = (
				5F7218FA27F1B4B90000EACE /* Place.h */,
				5F7218FB27F1B4B90000EACE /* Place.m */,
				5F7218FD27F1BBD90000EACE /* Comment.h */,
				5F7218FE27F1BBD90000EACE /* Comment.m */,
			);
			path = Model;
			sourceTree = "<group>";
		};
		5F7218EE27F1AEFA0000EACE /* Controller */ = {
			isa = PBXGroup;
			children = (
				5F7218F127F1AF230000EACE /* UserLikeViewController.h */,
				5F7218F227F1AF230000EACE /* UserLikeViewController.m */,
			);
			path = Controller;
			sourceTree = "<group>";
		};
		5F7218EF27F1AF030000EACE /* Views */ = {
			isa = PBXGroup;
			children = (
			);
			path = Views;
			sourceTree = "<group>";
		};
		5F7218F027F1AF0A0000EACE /* Model */ = {
			isa = PBXGroup;
			children = (
			);
			path = Model;
			sourceTree = "<group>";
		};
		5F7218F427F1AF740000EACE /* Controller */ = {
			isa = PBXGroup;
			children = (
				5F7218F727F1AF9A0000EACE /* MyViewController.h */,
				5F7218F827F1AF9A0000EACE /* MyViewController.m */,
			);
			path = Controller;
			sourceTree = "<group>";
		};
		5F7218F527F1AF7D0000EACE /* Views */ = {
			isa = PBXGroup;
			children = (
			);
			path = Views;
			sourceTree = "<group>";
		};
		5F7218F627F1AF850000EACE /* Model */ = {
			isa = PBXGroup;
			children = (
			);
			path = Model;
			sourceTree = "<group>";
		};
		890F2B157FD46C6D5F157221 /* Frameworks */ = {
			isa = PBXGroup;
			children = (
				CE3DC6998D43E83594C47523 /* libPods-WhereToRide.a */,
			);
			name = Frameworks;
			sourceTree = "<group>";
		};
		E9E2743751DEEB2C284B451E /* Pods */ = {
			isa = PBXGroup;
			children = (
				5BE2FAB27FE271F913498016 /* Pods-WhereToRide.debug.xcconfig */,
				684264E39B36296853C3B517 /* Pods-WhereToRide.release.xcconfig */,
			);
			path = Pods;
			sourceTree = "<group>";
		};
/* End PBXGroup section */

/* Begin PBXNativeTarget section */
		5F7218C327F153080000EACE /* WhereToRide */ = {
			isa = PBXNativeTarget;
			buildConfigurationList = 5F7218DD27F1530A0000EACE /* Build configuration list for PBXNativeTarget "WhereToRide" */;
			buildPhases = (
				7E4E5E7643B029E7AF6D82F4 /* [CP] Check Pods Manifest.lock */,
				5F7218C027F153080000EACE /* Sources */,
				5F7218C127F153080000EACE /* Frameworks */,
				5F7218C227F153080000EACE /* Resources */,
			);
			buildRules = (
			);
			dependencies = (
			);
			name = WhereToRide;
			productName = WhereToRide;
			productReference = 5F7218C427F153080000EACE /* WhereToRide.app */;
			productType = "com.apple.product-type.application";
		};
/* End PBXNativeTarget section */

/* Begin PBXProject section */
		5F7218BC27F153080000EACE /* Project object */ = {
			isa = PBXProject;
			attributes = {
				BuildIndependentTargetsInParallel = 1;
				LastUpgradeCheck = 1330;
				TargetAttributes = {
					5F7218C327F153080000EACE = {
						CreatedOnToolsVersion = 13.3;
					};
				};
			};
			buildConfigurationList = 5F7218BF27F153080000EACE /* Build configuration list for PBXProject "WhereToRide" */;
			compatibilityVersion = "Xcode 13.0";
			developmentRegion = en;
			hasScannedForEncodings = 0;
			knownRegions = (
				en,
				Base,
			);
			mainGroup = 5F7218BB27F153080000EACE;
			productRefGroup = 5F7218C527F153080000EACE /* Products */;
			projectDirPath = "";
			projectRoot = "";
			targets = (
				5F7218C327F153080000EACE /* WhereToRide */,
			);
		};
/* End PBXProject section */

/* Begin PBXResourcesBuildPhase section */
		5F7218C227F153080000EACE /* Resources */ = {
			isa = PBXResourcesBuildPhase;
			buildActionMask = 2147483647;
			files = (
				5F7218D727F1530A0000EACE /* LaunchScreen.storyboard in Resources */,
				5F7218D427F1530A0000EACE /* Assets.xcassets in Resources */,
				5F7218E127F156670000EACE /* podfile in Resources */,
				5F7218D227F153080000EACE /* Main.storyboard in Resources */,
			);
			runOnlyForDeploymentPostprocessing = 0;
		};
/* End PBXResourcesBuildPhase section */

/* Begin PBXShellScriptBuildPhase section */
		7E4E5E7643B029E7AF6D82F4 /* [CP] Check Pods Manifest.lock */ = {
			isa = PBXShellScriptBuildPhase;
			buildActionMask = 2147483647;
			files = (
			);
			inputFileListPaths = (
			);
			inputPaths = (
				"${PODS_PODFILE_DIR_PATH}/Podfile.lock",
				"${PODS_ROOT}/Manifest.lock",
			);
			name = "[CP] Check Pods Manifest.lock";
			outputFileListPaths = (
			);
			outputPaths = (
				"$(DERIVED_FILE_DIR)/Pods-WhereToRide-checkManifestLockResult.txt",
			);
			runOnlyForDeploymentPostprocessing = 0;
			shellPath = /bin/sh;
			shellScript = "diff \"${PODS_PODFILE_DIR_PATH}/Podfile.lock\" \"${PODS_ROOT}/Manifest.lock\" > /dev/null\nif [ $? != 0 ] ; then\n    # print error to STDERR\n    echo \"error: The sandbox is not in sync with the Podfile.lock. Run 'pod install' or update your CocoaPods installation.\" >&2\n    exit 1\nfi\n# This output is used by Xcode 'outputs' to avoid re-running this script phase.\necho \"SUCCESS\" > \"${SCRIPT_OUTPUT_FILE_0}\"\n";
			showEnvVarsInLog = 0;
		};
/* End PBXShellScriptBuildPhase section */

/* Begin PBXSourcesBuildPhase section */
		5F7218C027F153080000EACE /* Sources */ = {
			isa = PBXSourcesBuildPhase;
			buildActionMask = 2147483647;
			files = (
				5F7218F927F1AF9A0000EACE /* MyViewController.m in Sources */,
				5F7218CF27F153080000EACE /* ViewController.m in Sources */,
				5F7218FC27F1B4B90000EACE /* Place.m in Sources */,
				5F7218C927F153080000EACE /* AppDelegate.m in Sources */,
				5F7218DA27F1530A0000EACE /* main.m in Sources */,
				5F7218EA27F1AE820000EACE /* OfficialViewController.m in Sources */,
				5F7218F327F1AF230000EACE /* UserLikeViewController.m in Sources */,
				5F7218FF27F1BBD90000EACE /* Comment.m in Sources */,
			);
			runOnlyForDeploymentPostprocessing = 0;
		};
/* End PBXSourcesBuildPhase section */

/* Begin PBXVariantGroup section */
		5F7218D027F153080000EACE /* Main.storyboard */ = {
			isa = PBXVariantGroup;
			children = (
				5F7218D127F153080000EACE /* Base */,
			);
			name = Main.storyboard;
			sourceTree = "<group>";
		};
		5F7218D527F1530A0000EACE /* LaunchScreen.storyboard */ = {
			isa = PBXVariantGroup;
			children = (
				5F7218D627F1530A0000EACE /* Base */,
			);
			name = LaunchScreen.storyboard;
			sourceTree = "<group>";
		};
/* End PBXVariantGroup section */

/* Begin XCBuildConfiguration section */
		5F7218DB27F1530A0000EACE /* Debug */ = {
			isa = XCBuildConfiguration;
			buildSettings = {
				ALWAYS_SEARCH_USER_PATHS = NO;
				CLANG_ANALYZER_NONNULL = YES;
				CLANG_ANALYZER_NUMBER_OBJECT_CONVERSION = YES_AGGRESSIVE;
				CLANG_CXX_LANGUAGE_STANDARD = "gnu++17";
				CLANG_ENABLE_MODULES = YES;
				CLANG_ENABLE_OBJC_ARC = YES;
				CLANG_ENABLE_OBJC_WEAK = YES;
				CLANG_WARN_BLOCK_CAPTURE_AUTORELEASING = YES;
				CLANG_WARN_BOOL_CONVERSION = YES;
				CLANG_WARN_COMMA = YES;
				CLANG_WARN_CONSTANT_CONVERSION = YES;
				CLANG_WARN_DEPRECATED_OBJC_IMPLEMENTATIONS = YES;
				CLANG_WARN_DIRECT_OBJC_ISA_USAGE = YES_ERROR;
				CLANG_WARN_DOCUMENTATION_COMMENTS = YES;
				CLANG_WARN_EMPTY_BODY = YES;
				CLANG_WARN_ENUM_CONVERSION = YES;
				CLANG_WARN_INFINITE_RECURSION = YES;
				CLANG_WARN_INT_CONVERSION = YES;
				CLANG_WARN_NON_LITERAL_NULL_CONVERSION = YES;
				CLANG_WARN_OBJC_IMPLICIT_RETAIN_SELF = YES;
				CLANG_WARN_OBJC_LITERAL_CONVERSION = YES;
				CLANG_WARN_OBJC_ROOT_CLASS = YES_ERROR;
				CLANG_WARN_QUOTED_INCLUDE_IN_FRAMEWORK_HEADER = YES;
				CLANG_WARN_RANGE_LOOP_ANALYSIS = YES;
				CLANG_WARN_STRICT_PROTOTYPES = YES;
				CLANG_WARN_SUSPICIOUS_MOVE = YES;
				CLANG_WARN_UNGUARDED_AVAILABILITY = YES_AGGRESSIVE;
				CLANG_WARN_UNREACHABLE_CODE = YES;
				CLANG_WARN__DUPLICATE_METHOD_MATCH = YES;
				COPY_PHASE_STRIP = NO;
				DEBUG_INFORMATION_FORMAT = dwarf;
				ENABLE_STRICT_OBJC_MSGSEND = YES;
				ENABLE_TESTABILITY = YES;
				GCC_C_LANGUAGE_STANDARD = gnu11;
				GCC_DYNAMIC_NO_PIC = NO;
				GCC_NO_COMMON_BLOCKS = YES;
				GCC_OPTIMIZATION_LEVEL = 0;
				GCC_PREPROCESSOR_DEFINITIONS = (
					"DEBUG=1",
					"$(inherited)",
				);
				GCC_WARN_64_TO_32_BIT_CONVERSION = YES;
				GCC_WARN_ABOUT_RETURN_TYPE = YES_ERROR;
				GCC_WARN_UNDECLARED_SELECTOR = YES;
				GCC_WARN_UNINITIALIZED_AUTOS = YES_AGGRESSIVE;
				GCC_WARN_UNUSED_FUNCTION = YES;
				GCC_WARN_UNUSED_VARIABLE = YES;
				IPHONEOS_DEPLOYMENT_TARGET = 15.4;
				MTL_ENABLE_DEBUG_INFO = INCLUDE_SOURCE;
				MTL_FAST_MATH = YES;
				ONLY_ACTIVE_ARCH = YES;
				SDKROOT = iphoneos;
			};
			name = Debug;
		};
		5F7218DC27F1530A0000EACE /* Release */ = {
			isa = XCBuildConfiguration;
			buildSettings = {
				ALWAYS_SEARCH_USER_PATHS = NO;
				CLANG_ANALYZER_NONNULL = YES;
				CLANG_ANALYZER_NUMBER_OBJECT_CONVERSION = YES_AGGRESSIVE;
				CLANG_CXX_LANGUAGE_STANDARD = "gnu++17";
				CLANG_ENABLE_MODULES = YES;
				CLANG_ENABLE_OBJC_ARC = YES;
				CLANG_ENABLE_OBJC_WEAK = YES;
				CLANG_WARN_BLOCK_CAPTURE_AUTORELEASING = YES;
				CLANG_WARN_BOOL_CONVERSION = YES;
				CLANG_WARN_COMMA = YES;
				CLANG_WARN_CONSTANT_CONVERSION = YES;
				CLANG_WARN_DEPRECATED_OBJC_IMPLEMENTATIONS = YES;
				CLANG_WARN_DIRECT_OBJC_ISA_USAGE = YES_ERROR;
				CLANG_WARN_DOCUMENTATION_COMMENTS = YES;
				CLANG_WARN_EMPTY_BODY = YES;
				CLANG_WARN_ENUM_CONVERSION = YES;
				CLANG_WARN_INFINITE_RECURSION = YES;
				CLANG_WARN_INT_CONVERSION = YES;
				CLANG_WARN_NON_LITERAL_NULL_CONVERSION = YES;
				CLANG_WARN_OBJC_IMPLICIT_RETAIN_SELF = YES;
				CLANG_WARN_OBJC_LITERAL_CONVERSION = YES;
				CLANG_WARN_OBJC_ROOT_CLASS = YES_ERROR;
				CLANG_WARN_QUOTED_INCLUDE_IN_FRAMEWORK_HEADER = YES;
				CLANG_WARN_RANGE_LOOP_ANALYSIS = YES;
				CLANG_WARN_STRICT_PROTOTYPES = YES;
				CLANG_WARN_SUSPICIOUS_MOVE = YES;
				CLANG_WARN_UNGUARDED_AVAILABILITY = YES_AGGRESSIVE;
				CLANG_WARN_UNREACHABLE_CODE = YES;
				CLANG_WARN__DUPLICATE_METHOD_MATCH = YES;
				COPY_PHASE_STRIP = NO;
				DEBUG_INFORMATION_FORMAT = "dwarf-with-dsym";
				ENABLE_NS_ASSERTIONS = NO;
				ENABLE_STRICT_OBJC_MSGSEND = YES;
				GCC_C_LANGUAGE_STANDARD = gnu11;
				GCC_NO_COMMON_BLOCKS = YES;
				GCC_WARN_64_TO_32_BIT_CONVERSION = YES;
				GCC_WARN_ABOUT_RETURN_TYPE = YES_ERROR;
				GCC_WARN_UNDECLARED_SELECTOR = YES;
				GCC_WARN_UNINITIALIZED_AUTOS = YES_AGGRESSIVE;
				GCC_WARN_UNUSED_FUNCTION = YES;
				GCC_WARN_UNUSED_VARIABLE = YES;
				IPHONEOS_DEPLOYMENT_TARGET = 15.4;
				MTL_ENABLE_DEBUG_INFO = NO;
				MTL_FAST_MATH = YES;
				SDKROOT = iphoneos;
				VALIDATE_PRODUCT = YES;
			};
			name = Release;
		};
		5F7218DE27F1530A0000EACE /* Debug */ = {
			isa = XCBuildConfiguration;
			baseConfigurationReference = 5BE2FAB27FE271F913498016 /* Pods-WhereToRide.debug.xcconfig */;
			buildSettings = {
				ASSETCATALOG_COMPILER_APPICON_NAME = AppIcon;
				ASSETCATALOG_COMPILER_GLOBAL_ACCENT_COLOR_NAME = AccentColor;
				CODE_SIGN_STYLE = Automatic;
				CURRENT_PROJECT_VERSION = 1;
				DEVELOPMENT_TEAM = 5TZKPJR5ZR;
				GENERATE_INFOPLIST_FILE = YES;
				INFOPLIST_FILE = WhereToRide/Info.plist;
				INFOPLIST_KEY_UIApplicationSupportsIndirectInputEvents = YES;
				INFOPLIST_KEY_UILaunchStoryboardName = LaunchScreen;
				INFOPLIST_KEY_UISupportedInterfaceOrientations_iPad = "UIInterfaceOrientationPortrait UIInterfaceOrientationPortraitUpsideDown UIInterfaceOrientationLandscapeLeft UIInterfaceOrientationLandscapeRight";
				INFOPLIST_KEY_UISupportedInterfaceOrientations_iPhone = "UIInterfaceOrientationPortrait UIInterfaceOrientationLandscapeLeft UIInterfaceOrientationLandscapeRight";
				LD_RUNPATH_SEARCH_PATHS = (
					"$(inherited)",
					"@executable_path/Frameworks",
				);
				MARKETING_VERSION = 1.0;
				PRODUCT_BUNDLE_IDENTIFIER = cn.leng.WhereToRide;
				PRODUCT_NAME = "$(TARGET_NAME)";
				SWIFT_EMIT_LOC_STRINGS = YES;
				TARGETED_DEVICE_FAMILY = 1;
			};
			name = Debug;
		};
		5F7218DF27F1530A0000EACE /* Release */ = {
			isa = XCBuildConfiguration;
			baseConfigurationReference = 684264E39B36296853C3B517 /* Pods-WhereToRide.release.xcconfig */;
			buildSettings = {
				ASSETCATALOG_COMPILER_APPICON_NAME = AppIcon;
				ASSETCATALOG_COMPILER_GLOBAL_ACCENT_COLOR_NAME = AccentColor;
				CODE_SIGN_STYLE = Automatic;
				CURRENT_PROJECT_VERSION = 1;
				DEVELOPMENT_TEAM = 5TZKPJR5ZR;
				GENERATE_INFOPLIST_FILE = YES;
				INFOPLIST_FILE = WhereToRide/Info.plist;
				INFOPLIST_KEY_UIApplicationSupportsIndirectInputEvents = YES;
				INFOPLIST_KEY_UILaunchStoryboardName = LaunchScreen;
				INFOPLIST_KEY_UISupportedInterfaceOrientations_iPad = "UIInterfaceOrientationPortrait UIInterfaceOrientationPortraitUpsideDown UIInterfaceOrientationLandscapeLeft UIInterfaceOrientationLandscapeRight";
				INFOPLIST_KEY_UISupportedInterfaceOrientations_iPhone = "UIInterfaceOrientationPortrait UIInterfaceOrientationLandscapeLeft UIInterfaceOrientationLandscapeRight";
				LD_RUNPATH_SEARCH_PATHS = (
					"$(inherited)",
					"@executable_path/Frameworks",
				);
				MARKETING_VERSION = 1.0;
				PRODUCT_BUNDLE_IDENTIFIER = cn.leng.WhereToRide;
				PRODUCT_NAME = "$(TARGET_NAME)";
				SWIFT_EMIT_LOC_STRINGS = YES;
				TARGETED_DEVICE_FAMILY = 1;
			};
			name = Release;
		};
/* End XCBuildConfiguration section */

/* Begin XCConfigurationList section */
		5F7218BF27F153080000EACE /* Build configuration list for PBXProject "WhereToRide" */ = {
			isa = XCConfigurationList;
			buildConfigurations = (
				5F7218DB27F1530A0000EACE /* Debug */,
				5F7218DC27F1530A0000EACE /* Release */,
			);
			defaultConfigurationIsVisible = 0;
			defaultConfigurationName = Release;
		};
		5F7218DD27F1530A0000EACE /* Build configuration list for PBXNativeTarget "WhereToRide" */ = {
			isa = XCConfigurationList;
			buildConfigurations = (
				5F7218DE27F1530A0000EACE /* Debug */,
				5F7218DF27F1530A0000EACE /* Release */,
			);
			defaultConfigurationIsVisible = 0;
			defaultConfigurationName = Release;
		};
/* End XCConfigurationList section */
	};
	rootObject = 5F7218BC27F153080000EACE /* Project object */;
}
